
Microsoft Visual Studio Solution File, Format Version 11.00
# Visual Studio 2010
Project("{FAE04EC0-301F-11D3-BF4B-00C04F79EFBC}") = "scenario", "Assembly-CSharp.csproj", "{1CF4F371-240A-14A7-C334-9160988E7E73}"
EndProject
Project("{FAE04EC0-301F-11D3-BF4B-00C04F79EFBC}") = "scenario", "Assembly-CSharp-Editor.csproj", "{7D0A4FD3-0911-9B13-A6EB-B8E9B40FCC53}"
EndProject
Global
	GlobalSection(SolutionConfigurationPlatforms) = preSolution
		Debug|Any CPU = Debug|Any CPU
		Release|Any CPU = Release|Any CPU
	EndGlobalSection
	GlobalSection(ProjectConfigurationPlatforms) = postSolution
		{1CF4F371-240A-14A7-C334-9160988E7E73}.Debug|Any CPU.ActiveCfg = Debug|Any CPU
		{1CF4F371-240A-14A7-C334-9160988E7E73}.Debug|Any CPU.Build.0 = Debug|Any CPU
		{1CF4F371-240A-14A7-C334-9160988E7E73}.Release|Any CPU.ActiveCfg = Release|Any CPU
		{1CF4F371-240A-14A7-C334-9160988E7E73}.Release|Any CPU.Build.0 = Release|Any CPU
		{7D0A4FD3-0911-9B13-A6EB-B8E9B40FCC53}.Debug|Any CPU.ActiveCfg = Debug|Any CPU
		{7D0A4FD3-0911-9B13-A6EB-B8E9B40FCC53}.Debug|Any CPU.Build.0 = Debug|Any CPU
		{7D0A4FD3-0911-9B13-A6EB-B8E9B40FCC53}.Release|Any CPU.ActiveCfg = Release|Any CPU
		{7D0A4FD3-0911-9B13-A6EB-B8E9B40FCC53}.Release|Any CPU.Build.0 = Release|Any CPU
	EndGlobalSection
	GlobalSection(SolutionProperties) = preSolution
		HideSolutionNode = FALSE
	EndGlobalSection
	GlobalSection(MonoDevelopProperties) = preSolution
		StartupItem = Assembly-CSharp.csproj
	EndGlobalSection
EndGlobal
